
Microsoft Visual Studio Solution File, Format Version 12.00
# Visual Studio Version 17
VisualStudioVersion = 17.8.34322.80
MinimumVisualStudioVersion = 10.0.40219.1
Project("{FAE04EC0-301F-11D3-BF4B-00C04F79EFBC}") = "Uygulama", "Uygulama\Uygulama.csproj", "{0B4F061D-7419-41DC-BEA9-C348D96A6E1F}"
EndProject
Global
	GlobalSection(SolutionConfigurationPlatforms) = preSolution
		Debug|Any CPU = Debug|Any CPU
		Release|Any CPU = Release|Any CPU
	EndGlobalSection
	GlobalSection(ProjectConfigurationPlatforms) = postSolution
		{0B4F061D-7419-41DC-BEA9-C348D96A6E1F}.Debug|Any CPU.ActiveCfg = Debug|Any CPU
		{0B4F061D-7419-41DC-BEA9-C348D96A6E1F}.Debug|Any CPU.Build.0 = Debug|Any CPU
		{0B4F061D-7419-41DC-BEA9-C348D96A6E1F}.Release|Any CPU.ActiveCfg = Release|Any CPU
		{0B4F061D-7419-41DC-BEA9-C348D96A6E1F}.Release|Any CPU.Build.0 = Release|Any CPU
	EndGlobalSection
	GlobalSection(SolutionProperties) = preSolution
		HideSolutionNode = FALSE
	EndGlobalSection
	GlobalSection(ExtensibilityGlobals) = postSolution
		SolutionGuid = {77008E22-2BDD-4294-9B22-E0E325FACEBB}
	EndGlobalSection
EndGlobal
